// !$*UTF8*$!
{
	archiveVersion = 1;
	classes = {
	};
	objectVersion = 77;
	objects = {

/* Begin PBXBuildFile section */
		315B6FD62FAFD35A0042D09C /* TerraliteLauncherSwift in Frameworks */ = {isa = PBXBuildFile; productRef = 315B6FD52FAFD35A0042D09C /* TerraliteLauncherSwift */; };
/* End PBXBuildFile section */

/* Begin PBXContainerItemProxy section */
		315B6FB82FAFD3170042D09C /* PBXContainerItemProxy */ = {
			isa = PBXContainerItemProxy;
			containerPortal = 315B6FA22FAFD3150042D09C /* Project object */;
			proxyType = 1;
			remoteGlobalIDString = 315B6FA92FAFD3150042D09C;
			remoteInfo = TerralieLauncherApp;
		};
		315B6FC22FAFD3170042D09C /* PBXContainerItemProxy */ = {
			isa = PBXContainerItemProxy;
			containerPortal = 315B6FA22FAFD3150042D09C /* Project object */;
			proxyType = 1;
			remoteGlobalIDString = 315B6FA92FAFD3150042D09C;
			remoteInfo = TerralieLauncherApp;
		};
/* End PBXContainerItemProxy section */

/* Begin PBXFileReference section */
		315B6FAA2FAFD3150042D09C /* TerralieLauncherApp.app */ = {isa = PBXFileReference; explicitFileType = wrapper.application; includeInIndex = 0; path = TerralieLauncherApp.app; sourceTree = BUILT_PRODUCTS_DIR; };
		315B6FB72FAFD3170042D09C /* TerralieLauncherAppTests.xctest */ = {isa = PBXFileReference; explicitFileType = wrapper.cfbundle; includeInIndex = 0; path = TerralieLauncherAppTests.xctest; sourceTree = BUILT_PRODUCTS_DIR; };
		315B6FC12FAFD3170042D09C /* TerralieLauncherAppUITests.xctest */ = {isa = PBXFileReference; explicitFileType = wrapper.cfbundle; includeInIndex = 0; path = TerralieLauncherAppUITests.xctest; sourceTree = BUILT_PRODUCTS_DIR; };
/* End PBXFileReference section */

/* Begin PBXFileSystemSynchronizedRootGroup section */
		315B6FAC2FAFD3150042D09C /* TerralieLauncherApp */ = {
			isa = PBXFileSystemSynchronizedRootGroup;
			path = TerralieLauncherApp;
			sourceTree = "<group>";
		};
		315B6FBA2FAFD3170042D09C /* TerralieLauncherAppTests */ = {
			isa = PBXFileSystemSynchronizedRootGroup;
			path = TerralieLauncherAppTests;
			sourceTree = "<group>";
		};
		315B6FC42FAFD3170042D09C /* TerralieLauncherAppUITests */ = {
			isa = PBXFileSystemSynchronizedRootGroup;
			path = TerralieLauncherAppUITests;
			sourceTree = "<group>";
		};
/* End PBXFileSystemSynchronizedRootGroup section */

/* Begin PBXFrameworksBuildPhase section */
		315B6FA72FAFD3150042D09C /* Frameworks */ = {
			isa = PBXFrameworksBuildPhase;
			buildActionMask = 2147483647;
			files = (
				315B6FD62FAFD35A0042D09C /* TerraliteLauncherSwift in Frameworks */,
			);
			runOnlyForDeploymentPostprocessing = 0;
		};
		315B6FB42FAFD3170042D09C /* Frameworks */ = {
			isa = PBXFrameworksBuildPhase;
			buildActionMask = 2147483647;
			files = (
			);
			runOnlyForDeploymentPostprocessing = 0;
		};
		315B6FBE2FAFD3170042D09C /* Frameworks */ = {
			isa = PBXFrameworksBuildPhase;
			buildActionMask = 2147483647;
			files = (
			);
			runOnlyForDeploymentPostprocessing = 0;
		};
/* End PBXFrameworksBuildPhase section */

/* Begin PBXGroup section */
		315B6FA12FAFD3150042D09C = {
			isa = PBXGroup;
			children = (
				315B6FAC2FAFD3150042D09C /* TerralieLauncherApp */,
				315B6FBA2FAFD3170042D09C /* TerralieLauncherAppTests */,
				315B6FC42FAFD3170042D09C /* TerralieLauncherAppUITests */,
				315B6FAB2FAFD3150042D09C /* Products */,
			);
			sourceTree = "<group>";
		};
		315B6FAB2FAFD3150042D09C /* Products */ = {
			isa = PBXGroup;
			children = (
				315B6FAA2FAFD3150042D09C /* TerralieLauncherApp.app */,
				315B6FB72FAFD3170042D09C /* TerralieLauncherAppTests.xctest */,
				315B6FC12FAFD3170042D09C /* TerralieLauncherAppUITests.xctest */,
			);
			name = Products;
			sourceTree = "<group>";
		};
/* End PBXGroup section */

/* Begin PBXNativeTarget section */
		315B6FA92FAFD3150042D09C /* TerralieLauncherApp */ = {
			isa = PBXNativeTarget;
			buildConfigurationList = 315B6FCB2FAFD3170042D09C /* Build configuration list for PBXNativeTarget "TerralieLauncherApp" */;
			buildPhases = (
				315B6FA62FAFD3150042D09C /* Sources */,
				315B6FA72FAFD3150042D09C /* Frameworks */,
				315B6FA82FAFD3150042D09C /* Resources */,
			);
			buildRules = (
			);
			dependencies = (
			);
			fileSystemSynchronizedGroups = (
				315B6FAC2FAFD3150042D09C /* TerralieLauncherApp */,
			);
			name = TerralieLauncherApp;
			packageProductDependencies = (
				315B6FD52FAFD35A0042D09C /* TerraliteLauncherSwift */,
			);
			productName = TerralieLauncherApp;
			productReference = 315B6FAA2FAFD3150042D09C /* TerralieLauncherApp.app */;
			productType = "com.apple.product-type.application";
		};
		315B6FB62FAFD3170042D09C /* TerralieLauncherAppTests */ = {
			isa = PBXNativeTarget;
			buildConfigurationList = 315B6FCE2FAFD3170042D09C /* Build configuration list for PBXNativeTarget "TerralieLauncherAppTests" */;
			buildPhases = (
				315B6FB32FAFD3170042D09C /* Sources */,
				315B6FB42FAFD3170042D09C /* Frameworks */,
				315B6FB52FAFD3170042D09C /* Resources */,
			);
			buildRules = (
			);
			dependencies = (
				315B6FB92FAFD3170042D09C /* PBXTargetDependency */,
			);
			fileSystemSynchronizedGroups = (
				315B6FBA2FAFD3170042D09C /* TerralieLauncherAppTests */,
			);
			name = TerralieLauncherAppTests;
			packageProductDependencies = (
			);
			productName = TerralieLauncherAppTests;
			productReference = 315B6FB72FAFD3170042D09C /* TerralieLauncherAppTests.xctest */;
			productType = "com.apple.product-type.bundle.unit-test";
		};
		315B6FC02FAFD3170042D09C /* TerralieLauncherAppUITests */ = {
			isa = PBXNativeTarget;
			buildConfigurationList = 315B6FD12FAFD3170042D09C /* Build configuration list for PBXNativeTarget "TerralieLauncherAppUITests" */;
			buildPhases = (
				315B6FBD2FAFD3170042D09C /* Sources */,
				315B6FBE2FAFD3170042D09C /* Frameworks */,
				315B6FBF2FAFD3170042D09C /* Resources */,
			);
			buildRules = (
			);
			dependencies = (
				315B6FC32FAFD3170042D09C /* PBXTargetDependency */,
			);
			fileSystemSynchronizedGroups = (
				315B6FC42FAFD3170042D09C /* TerralieLauncherAppUITests */,
			);
			name = TerralieLauncherAppUITests;
			packageProductDependencies = (
			);
			productName = TerralieLauncherAppUITests;
			productReference = 315B6FC12FAFD3170042D09C /* TerralieLauncherAppUITests.xctest */;
			productType = "com.apple.product-type.bundle.ui-testing";
		};
/* End PBXNativeTarget section */

/* Begin PBXProject section */
		315B6FA22FAFD3150042D09C /* Project object */ = {
			isa = PBXProject;
			attributes = {
				BuildIndependentTargetsInParallel = 1;
				LastSwiftUpdateCheck = 2640;
				LastUpgradeCheck = 2640;
				TargetAttributes = {
					315B6FA92FAFD3150042D09C = {
						CreatedOnToolsVersion = 26.4.1;
					};
					315B6FB62FAFD3170042D09C = {
						CreatedOnToolsVersion = 26.4.1;
						TestTargetID = 315B6FA92FAFD3150042D09C;
					};
					315B6FC02FAFD3170042D09C = {
						CreatedOnToolsVersion = 26.4.1;
						TestTargetID = 315B6FA92FAFD3150042D09C;
					};
				};
			};
			buildConfigurationList = 315B6FA52FAFD3150042D09C /* Build configuration list for PBXProject "TerralieLauncherApp" */;
			developmentRegion = en;
			hasScannedForEncodings = 0;
			knownRegions = (
				en,
				Base,
			);
			mainGroup = 315B6FA12FAFD3150042D09C;
			minimizedProjectReferenceProxies = 1;
			packageReferences = (
				315B6FD42FAFD35A0042D09C /* XCLocalSwiftPackageReference "../TerraliteLauncherSwift" */,
			);
			preferredProjectObjectVersion = 77;
			productRefGroup = 315B6FAB2FAFD3150042D09C /* Products */;
			projectDirPath = "";
			projectRoot = "";
			targets = (
				315B6FA92FAFD3150042D09C /* TerralieLauncherApp */,
				315B6FB62FAFD3170042D09C /* TerralieLauncherAppTests */,
				315B6FC02FAFD3170042D09C /* TerralieLauncherAppUITests */,
			);
		};
/* End PBXProject section */

/* Begin PBXResourcesBuildPhase section */
		315B6FA82FAFD3150042D09C /* Resources */ = {
			isa = PBXResourcesBuildPhase;
			buildActionMask = 2147483647;
			files = (
			);
			runOnlyForDeploymentPostprocessing = 0;
		};
		315B6FB52FAFD3170042D09C /* Resources */ = {
			isa = PBXResourcesBuildPhase;
			buildActionMask = 2147483647;
			files = (
			);
			runOnlyForDeploymentPostprocessing = 0;
		};
		315B6FBF2FAFD3170042D09C /* Resources */ = {
			isa = PBXResourcesBuildPhase;
			buildActionMask = 2147483647;
			files = (
			);
			runOnlyForDeploymentPostprocessing = 0;
		};
/* End PBXResourcesBuildPhase section */

/* Begin PBXSourcesBuildPhase section */
		315B6FA62FAFD3150042D09C /* Sources */ = {
			isa = PBXSourcesBuildPhase;
			buildActionMask = 2147483647;
			files = (
			);
			runOnlyForDeploymentPostprocessing = 0;
		};
		315B6FB32FAFD3170042D09C /* Sources */ = {
			isa = PBXSourcesBuildPhase;
			buildActionMask = 2147483647;
			files = (
			);
			runOnlyForDeploymentPostprocessing = 0;
		};
		315B6FBD2FAFD3170042D09C /* Sources */ = {
			isa = PBXSourcesBuildPhase;
			buildActionMask = 2147483647;
			files = (
			);
			runOnlyForDeploymentPostprocessing = 0;
		};
/* End PBXSourcesBuildPhase section */

/* Begin PBXTargetDependency section */
		315B6FB92FAFD3170042D09C /* PBXTargetDependency */ = {
			isa = PBXTargetDependency;
			target = 315B6FA92FAFD3150042D09C /* TerralieLauncherApp */;
			targetProxy = 315B6FB82FAFD3170042D09C /* PBXContainerItemProxy */;
		};
		315B6FC32FAFD3170042D09C /* PBXTargetDependency */ = {
			isa = PBXTargetDependency;
			target = 315B6FA92FAFD3150042D09C /* TerralieLauncherApp */;
			targetProxy = 315B6FC22FAFD3170042D09C /* PBXContainerItemProxy */;
		};
/* End PBXTargetDependency section */

/* Begin XCBuildConfiguration section */
		315B6FC92FAFD3170042D09C /* Debug */ = {
			isa = XCBuildConfiguration;
			buildSettings = {
				ALWAYS_SEARCH_USER_PATHS = NO;
				ASSETCATALOG_COMPILER_GENERATE_SWIFT_ASSET_SYMBOL_EXTENSIONS = YES;
				CLANG_ANALYZER_NONNULL = YES;
				CLANG_ANALYZER_NUMBER_OBJECT_CONVERSION = YES_AGGRESSIVE;
				CLANG_CXX_LANGUAGE_STANDARD = "gnu++20";
				CLANG_ENABLE_MODULES = YES;
				CLANG_ENABLE_OBJC_ARC = YES;
				CLANG_ENABLE_OBJC_WEAK = YES;
				CLANG_WARN_BLOCK_CAPTURE_AUTORELEASING = YES;
				CLANG_WARN_BOOL_CONVERSION = YES;
				CLANG_WARN_COMMA = YES;
				CLANG_WARN_CONSTANT_CONVERSION = YES;
				CLANG_WARN_DEPRECATED_OBJC_IMPLEMENTATIONS = YES;
				CLANG_WARN_DIRECT_OBJC_ISA_USAGE = YES_ERROR;
				CLANG_WARN_DOCUMENTATION_COMMENTS = YES;
				CLANG_WARN_EMPTY_BODY = YES;
				CLANG_WARN_ENUM_CONVERSION = YES;
				CLANG_WARN_INFINITE_RECURSION = YES;
				CLANG_WARN_INT_CONVERSION = YES;
				CLANG_WARN_NON_LITERAL_NULL_CONVERSION = YES;
				CLANG_WARN_OBJC_IMPLICIT_RETAIN_SELF = YES;
				CLANG_WARN_OBJC_LITERAL_CONVERSION = YES;
				CLANG_WARN_OBJC_ROOT_CLASS = YES_ERROR;
				CLANG_WARN_QUOTED_INCLUDE_IN_FRAMEWORK_HEADER = YES;
				CLANG_WARN_RANGE_LOOP_ANALYSIS = YES;
				CLANG_WARN_STRICT_PROTOTYPES = YES;
				CLANG_WARN_SUSPICIOUS_MOVE = YES;
				CLANG_WARN_UNGUARDED_AVAILABILITY = YES_AGGRESSIVE;
				CLANG_WARN_UNREACHABLE_CODE = YES;
				CLANG_WARN__DUPLICATE_METHOD_MATCH = YES;
				COPY_PHASE_STRIP = NO;
				DEBUG_INFORMATION_FORMAT = dwarf;
				DEVELOPMENT_TEAM = 24TYY8Z65V;
				ENABLE_STRICT_OBJC_MSGSEND = YES;
				ENABLE_TESTABILITY = YES;
				ENABLE_USER_SCRIPT_SANDBOXING = YES;
				GCC_C_LANGUAGE_STANDARD = gnu17;
				GCC_DYNAMIC_NO_PIC = NO;
				GCC_NO_COMMON_BLOCKS = YES;
				GCC_OPTIMIZATION_LEVEL = 0;
				GCC_PREPROCESSOR_DEFINITIONS = (
					"DEBUG=1",
					"$(inherited)",
				);
				GCC_WARN_64_TO_32_BIT_CONVERSION = YES;
				GCC_WARN_ABOUT_RETURN_TYPE = YES_ERROR;
				GCC_WARN_UNDECLARED_SELECTOR = YES;
				GCC_WARN_UNINITIALIZED_AUTOS = YES_AGGRESSIVE;
				GCC_WARN_UNUSED_FUNCTION = YES;
				GCC_WARN_UNUSED_VARIABLE = YES;
				LOCALIZATION_PREFERS_STRING_CATALOGS = YES;
				MACOSX_DEPLOYMENT_TARGET = 26.3;
				MTL_ENABLE_DEBUG_INFO = INCLUDE_SOURCE;
				MTL_FAST_MATH = YES;
				ONLY_ACTIVE_ARCH = YES;
				SDKROOT = macosx;
				SWIFT_ACTIVE_COMPILATION_CONDITIONS = "DEBUG $(inherited)";
				SWIFT_OPTIMIZATION_LEVEL = "-Onone";
			};
			name = Debug;
		};
		315B6FCA2FAFD3170042D09C /* Release */ = {
			isa = XCBuildConfiguration;
			buildSettings = {
				ALWAYS_SEARCH_USER_PATHS = NO;
				ASSETCATALOG_COMPILER_GENERATE_SWIFT_ASSET_SYMBOL_EXTENSIONS = YES;
				CLANG_ANALYZER_NONNULL = YES;
				CLANG_ANALYZER_NUMBER_OBJECT_CONVERSION = YES_AGGRESSIVE;
				CLANG_CXX_LANGUAGE_STANDARD = "gnu++20";
				CLANG_ENABLE_MODULES = YES;
				CLANG_ENABLE_OBJC_ARC = YES;
				CLANG_ENABLE_OBJC_WEAK = YES;
				CLANG_WARN_BLOCK_CAPTURE_AUTORELEASING = YES;
				CLANG_WARN_BOOL_CONVERSION = YES;
				CLANG_WARN_COMMA = YES;
				CLANG_WARN_CONSTANT_CONVERSION = YES;
				CLANG_WARN_DEPRECATED_OBJC_IMPLEMENTATIONS = YES;
				CLANG_WARN_DIRECT_OBJC_ISA_USAGE = YES_ERROR;
				CLANG_WARN_DOCUMENTATION_COMMENTS = YES;
				CLANG_WARN_EMPTY_BODY = YES;
				CLANG_WARN_ENUM_CONVERSION = YES;
				CLANG_WARN_INFINITE_RECURSION = YES;
				CLANG_WARN_INT_CONVERSION = YES;
				CLANG_WARN_NON_LITERAL_NULL_CONVERSION = YES;
				CLANG_WARN_OBJC_IMPLICIT_RETAIN_SELF = YES;
				CLANG_WARN_OBJC_LITERAL_CONVERSION = YES;
				CLANG_WARN_OBJC_ROOT_CLASS = YES_ERROR;
				CLANG_WARN_QUOTED_INCLUDE_IN_FRAMEWORK_HEADER = YES;
				CLANG_WARN_RANGE_LOOP_ANALYSIS = YES;
				CLANG_WARN_STRICT_PROTOTYPES = YES;
				CLANG_WARN_SUSPICIOUS_MOVE = YES;
				CLANG_WARN_UNGUARDED_AVAILABILITY = YES_AGGRESSIVE;
				CLANG_WARN_UNREACHABLE_CODE = YES;
				CLANG_WARN__DUPLICATE_METHOD_MATCH = YES;
				COPY_PHASE_STRIP = NO;
				DEBUG_INFORMATION_FORMAT = "dwarf-with-dsym";
				DEVELOPMENT_TEAM = 24TYY8Z65V;
				ENABLE_NS_ASSERTIONS = NO;
				ENABLE_STRICT_OBJC_MSGSEND = YES;
				ENABLE_USER_SCRIPT_SANDBOXING = YES;
				GCC_C_LANGUAGE_STANDARD = gnu17;
				GCC_NO_COMMON_BLOCKS = YES;
				GCC_WARN_64_TO_32_BIT_CONVERSION = YES;
				GCC_WARN_ABOUT_RETURN_TYPE = YES_ERROR;
				GCC_WARN_UNDECLARED_SELECTOR = YES;
				GCC_WARN_UNINITIALIZED_AUTOS = YES_AGGRESSIVE;
				GCC_WARN_UNUSED_FUNCTION = YES;
				GCC_WARN_UNUSED_VARIABLE = YES;
				LOCALIZATION_PREFERS_STRING_CATALOGS = YES;
				MACOSX_DEPLOYMENT_TARGET = 26.3;
				MTL_ENABLE_DEBUG_INFO = NO;
				MTL_FAST_MATH = YES;
				SDKROOT = macosx;
				SWIFT_COMPILATION_MODE = wholemodule;
			};
			name = Release;
		};
		315B6FCC2FAFD3170042D09C /* Debug */ = {
			isa = XCBuildConfiguration;
			buildSettings = {
				ASSETCATALOG_COMPILER_APPICON_NAME = AppIcon;
				ASSETCATALOG_COMPILER_GLOBAL_ACCENT_COLOR_NAME = AccentColor;
				CODE_SIGN_STYLE = Automatic;
				COMBINE_HIDPI_IMAGES = YES;
				CURRENT_PROJECT_VERSION = 1;
				DEVELOPMENT_TEAM = 24TYY8Z65V;
				ENABLE_APP_SANDBOX = NO;
				ENABLE_HARDENED_RUNTIME = YES;
				ENABLE_PREVIEWS = YES;
				ENABLE_USER_SELECTED_FILES = readonly;
				GENERATE_INFOPLIST_FILE = YES;
				INFOPLIST_KEY_NSHumanReadableCopyright = "";
				LD_RUNPATH_SEARCH_PATHS = (
					"$(inherited)",
					"@executable_path/../Frameworks",
				);
				MARKETING_VERSION = 1.0;
				PRODUCT_BUNDLE_IDENTIFIER = com.KalobAllen.TerralieLauncherApp;
				PRODUCT_NAME = "$(TARGET_NAME)";
				REGISTER_APP_GROUPS = YES;
				STRING_CATALOG_GENERATE_SYMBOLS = YES;
				SWIFT_APPROACHABLE_CONCURRENCY = YES;
				SWIFT_DEFAULT_ACTOR_ISOLATION = MainActor;
				SWIFT_EMIT_LOC_STRINGS = YES;
				SWIFT_UPCOMING_FEATURE_MEMBER_IMPORT_VISIBILITY = YES;
				SWIFT_VERSION = 5.0;
			};
			name = Debug;
		};
		315B6FCD2FAFD3170042D09C /* Release */ = {
			isa = XCBuildConfiguration;
			buildSettings = {
				ASSETCATALOG_COMPILER_APPICON_NAME = AppIcon;
				ASSETCATALOG_COMPILER_GLOBAL_ACCENT_COLOR_NAME = AccentColor;
				CODE_SIGN_STYLE = Automatic;
				COMBINE_HIDPI_IMAGES = YES;
				CURRENT_PROJECT_VERSION = 1;
				DEVELOPMENT_TEAM = 24TYY8Z65V;
				ENABLE_APP_SANDBOX = NO;
				ENABLE_HARDENED_RUNTIME = YES;
				ENABLE_PREVIEWS = YES;
				ENABLE_USER_SELECTED_FILES = readonly;
				GENERATE_INFOPLIST_FILE = YES;
				INFOPLIST_KEY_NSHumanReadableCopyright = "";
				LD_RUNPATH_SEARCH_PATHS = (
					"$(inherited)",
					"@executable_path/../Frameworks",
				);
				MARKETING_VERSION = 1.0;
				PRODUCT_BUNDLE_IDENTIFIER = com.KalobAllen.TerralieLauncherApp;
				PRODUCT_NAME = "$(TARGET_NAME)";
				REGISTER_APP_GROUPS = YES;
				STRING_CATALOG_GENERATE_SYMBOLS = YES;
				SWIFT_APPROACHABLE_CONCURRENCY = YES;
				SWIFT_DEFAULT_ACTOR_ISOLATION = MainActor;
				SWIFT_EMIT_LOC_STRINGS = YES;
				SWIFT_UPCOMING_FEATURE_MEMBER_IMPORT_VISIBILITY = YES;
				SWIFT_VERSION = 5.0;
			};
			name = Release;
		};
		315B6FCF2FAFD3170042D09C /* Debug */ = {
			isa = XCBuildConfiguration;
			buildSettings = {
				BUNDLE_LOADER = "$(TEST_HOST)";
				CODE_SIGN_STYLE = Automatic;
				CURRENT_PROJECT_VERSION = 1;
				DEVELOPMENT_TEAM = 24TYY8Z65V;
				GENERATE_INFOPLIST_FILE = YES;
				MACOSX_DEPLOYMENT_TARGET = 26.3;
				MARKETING_VERSION = 1.0;
				PRODUCT_BUNDLE_IDENTIFIER = com.KalobAllen.TerralieLauncherAppTests;
				PRODUCT_NAME = "$(TARGET_NAME)";
				STRING_CATALOG_GENERATE_SYMBOLS = NO;
				SWIFT_APPROACHABLE_CONCURRENCY = YES;
				SWIFT_EMIT_LOC_STRINGS = NO;
				SWIFT_UPCOMING_FEATURE_MEMBER_IMPORT_VISIBILITY = YES;
				SWIFT_VERSION = 5.0;
				TEST_HOST = "$(BUILT_PRODUCTS_DIR)/TerralieLauncherApp.app/$(BUNDLE_EXECUTABLE_FOLDER_PATH)/TerralieLauncherApp";
			};
			name = Debug;
		};
		315B6FD02FAFD3170042D09C /* Release */ = {
			isa = XCBuildConfiguration;
			buildSettings = {
				BUNDLE_LOADER = "$(TEST_HOST)";
				CODE_SIGN_STYLE = Automatic;
				CURRENT_PROJECT_VERSION = 1;
				DEVELOPMENT_TEAM = 24TYY8Z65V;
				GENERATE_INFOPLIST_FILE = YES;
				MACOSX_DEPLOYMENT_TARGET = 26.3;
				MARKETING_VERSION = 1.0;
				PRODUCT_BUNDLE_IDENTIFIER = com.KalobAllen.TerralieLauncherAppTests;
				PRODUCT_NAME = "$(TARGET_NAME)";
				STRING_CATALOG_GENERATE_SYMBOLS = NO;
				SWIFT_APPROACHABLE_CONCURRENCY = YES;
				SWIFT_EMIT_LOC_STRINGS = NO;
				SWIFT_UPCOMING_FEATURE_MEMBER_IMPORT_VISIBILITY = YES;
				SWIFT_VERSION = 5.0;
				TEST_HOST = "$(BUILT_PRODUCTS_DIR)/TerralieLauncherApp.app/$(BUNDLE_EXECUTABLE_FOLDER_PATH)/TerralieLauncherApp";
			};
			name = Release;
		};
		315B6FD22FAFD3170042D09C /* Debug */ = {
			isa = XCBuildConfiguration;
			buildSettings = {
				CODE_SIGN_STYLE = Automatic;
				CURRENT_PROJECT_VERSION = 1;
				DEVELOPMENT_TEAM = 24TYY8Z65V;
				GENERATE_INFOPLIST_FILE = YES;
				MARKETING_VERSION = 1.0;
				PRODUCT_BUNDLE_IDENTIFIER = com.KalobAllen.TerralieLauncherAppUITests;
				PRODUCT_NAME = "$(TARGET_NAME)";
				STRING_CATALOG_GENERATE_SYMBOLS = NO;
				SWIFT_APPROACHABLE_CONCURRENCY = YES;
				SWIFT_EMIT_LOC_STRINGS = NO;
				SWIFT_UPCOMING_FEATURE_MEMBER_IMPORT_VISIBILITY = YES;
				SWIFT_VERSION = 5.0;
				TEST_TARGET_NAME = TerralieLauncherApp;
			};
			name = Debug;
		};
		315B6FD32FAFD3170042D09C /* Release */ = {
			isa = XCBuildConfiguration;
			buildSettings = {
				CODE_SIGN_STYLE = Automatic;
				CURRENT_PROJECT_VERSION = 1;
				DEVELOPMENT_TEAM = 24TYY8Z65V;
				GENERATE_INFOPLIST_FILE = YES;
				MARKETING_VERSION = 1.0;
				PRODUCT_BUNDLE_IDENTIFIER = com.KalobAllen.TerralieLauncherAppUITests;
				PRODUCT_NAME = "$(TARGET_NAME)";
				STRING_CATALOG_GENERATE_SYMBOLS = NO;
				SWIFT_APPROACHABLE_CONCURRENCY = YES;
				SWIFT_EMIT_LOC_STRINGS = NO;
				SWIFT_UPCOMING_FEATURE_MEMBER_IMPORT_VISIBILITY = YES;
				SWIFT_VERSION = 5.0;
				TEST_TARGET_NAME = TerralieLauncherApp;
			};
			name = Release;
		};
/* End XCBuildConfiguration section */

/* Begin XCConfigurationList section */
		315B6FA52FAFD3150042D09C /* Build configuration list for PBXProject "TerralieLauncherApp" */ = {
			isa = XCConfigurationList;
			buildConfigurations = (
				315B6FC92FAFD3170042D09C /* Debug */,
				315B6FCA2FAFD3170042D09C /* Release */,
			);
			defaultConfigurationIsVisible = 0;
			defaultConfigurationName = Release;
		};
		315B6FCB2FAFD3170042D09C /* Build configuration list for PBXNativeTarget "TerralieLauncherApp" */ = {
			isa = XCConfigurationList;
			buildConfigurations = (
				315B6FCC2FAFD3170042D09C /* Debug */,
				315B6FCD2FAFD3170042D09C /* Release */,
			);
			defaultConfigurationIsVisible = 0;
			defaultConfigurationName = Release;
		};
		315B6FCE2FAFD3170042D09C /* Build configuration list for PBXNativeTarget "TerralieLauncherAppTests" */ = {
			isa = XCConfigurationList;
			buildConfigurations = (
				315B6FCF2FAFD3170042D09C /* Debug */,
				315B6FD02FAFD3170042D09C /* Release */,
			);
			defaultConfigurationIsVisible = 0;
			defaultConfigurationName = Release;
		};
		315B6FD12FAFD3170042D09C /* Build configuration list for PBXNativeTarget "TerralieLauncherAppUITests" */ = {
			isa = XCConfigurationList;
			buildConfigurations = (
				315B6FD22FAFD3170042D09C /* Debug */,
				315B6FD32FAFD3170042D09C /* Release */,
			);
			defaultConfigurationIsVisible = 0;
			defaultConfigurationName = Release;
		};
/* End XCConfigurationList section */

/* Begin XCLocalSwiftPackageReference section */
		315B6FD42FAFD35A0042D09C /* XCLocalSwiftPackageReference "../TerraliteLauncherSwift" */ = {
			isa = XCLocalSwiftPackageReference;
			relativePath = ../TerraliteLauncherSwift;
		};
/* End XCLocalSwiftPackageReference section */

/* Begin XCSwiftPackageProductDependency section */
		315B6FD52FAFD35A0042D09C /* TerraliteLauncherSwift */ = {
			isa = XCSwiftPackageProductDependency;
			package = 315B6FD42FAFD35A0042D09C /* XCLocalSwiftPackageReference "../TerraliteLauncherSwift" */;
			productName = TerraliteLauncherSwift;
		};
/* End XCSwiftPackageProductDependency section */
	};
	rootObject = 315B6FA22FAFD3150042D09C /* Project object */;
}
